
Microsoft Visual Studio Solution File, Format Version 12.00
# Visual Studio Version 16
VisualStudioVersion = 16.0.28714.193
MinimumVisualStudioVersion = 10.0.40219.1
Project("{FAE04EC0-301F-11D3-BF4B-00C04F79EFBC}") = "OmniKeyStore", "OmniKeyStore\OmniKeyStore.csproj", "{1CF53700-A963-4588-AB9A-1E3774795841}"
EndProject
Global
	GlobalSection(SolutionConfigurationPlatforms) = preSolution
		Debug|Any CPU = Debug|Any CPU
		Release|Any CPU = Release|Any CPU
	EndGlobalSection
	GlobalSection(ProjectConfigurationPlatforms) = postSolution
		{1CF53700-A963-4588-AB9A-1E3774795841}.Debug|Any CPU.ActiveCfg = Debug|Any CPU
		{1CF53700-A963-4588-AB9A-1E3774795841}.Debug|Any CPU.Build.0 = Debug|Any CPU
		{1CF53700-A963-4588-AB9A-1E3774795841}.Release|Any CPU.ActiveCfg = Release|Any CPU
		{1CF53700-A963-4588-AB9A-1E3774795841}.Release|Any CPU.Build.0 = Release|Any CPU
	EndGlobalSection
	GlobalSection(SolutionProperties) = preSolution
		HideSolutionNode = FALSE
	EndGlobalSection
	GlobalSection(ExtensibilityGlobals) = postSolution
		SolutionGuid = {58F23BD7-4CE0-4837-8ED5-603956523AB1}
	EndGlobalSection
EndGlobal
